
Microsoft Visual Studio Solution File, Format Version 12.00
# Visual Studio Version 17
VisualStudioVersion = 17.3.32901.215
MinimumVisualStudioVersion = 10.0.40219.1
Project("{FAE04EC0-301F-11D3-BF4B-00C04F79EFBC}") = "5Words", "5Words\5Words.csproj", "{33A346D8-94FC-47A7-85F2-F903C3204546}"
EndProject
Global
	GlobalSection(SolutionConfigurationPlatforms) = preSolution
		Debug|Any CPU = Debug|Any CPU
		Release|Any CPU = Release|Any CPU
	EndGlobalSection
	GlobalSection(ProjectConfigurationPlatforms) = postSolution
		{33A346D8-94FC-47A7-85F2-F903C3204546}.Debug|Any CPU.ActiveCfg = Debug|Any CPU
		{33A346D8-94FC-47A7-85F2-F903C3204546}.Debug|Any CPU.Build.0 = Debug|Any CPU
		{33A346D8-94FC-47A7-85F2-F903C3204546}.Release|Any CPU.ActiveCfg = Release|Any CPU
		{33A346D8-94FC-47A7-85F2-F903C3204546}.Release|Any CPU.Build.0 = Release|Any CPU
	EndGlobalSection
	GlobalSection(SolutionProperties) = preSolution
		HideSolutionNode = FALSE
	EndGlobalSection
	GlobalSection(ExtensibilityGlobals) = postSolution
		SolutionGuid = {8AB47295-660A-40B7-BA80-D604DA95B938}
	EndGlobalSection
EndGlobal
